
Microsoft Visual Studio Solution File, Format Version 12.00
# Visual Studio Version 16
VisualStudioVersion = 16.0.29418.71
MinimumVisualStudioVersion = 10.0.40219.1
Project("{FAE04EC0-301F-11D3-BF4B-00C04F79EFBC}") = "GUI", "GUI\GUI.csproj", "{6BC658A3-7573-43A9-9476-6A23E2F09792}"
EndProject
Project("{FAE04EC0-301F-11D3-BF4B-00C04F79EFBC}") = "DormitorySensor", "DormitorySensor\DormitorySensor.csproj", "{8AA964EB-1DEF-4953-83E0-108E3ECB8454}"
EndProject
Global
	GlobalSection(SolutionConfigurationPlatforms) = preSolution
		Debug|Any CPU = Debug|Any CPU
		Release|Any CPU = Release|Any CPU
	EndGlobalSection
	GlobalSection(ProjectConfigurationPlatforms) = postSolution
		{6BC658A3-7573-43A9-9476-6A23E2F09792}.Debug|Any CPU.ActiveCfg = Debug|x64
		{6BC658A3-7573-43A9-9476-6A23E2F09792}.Debug|Any CPU.Build.0 = Debug|x64
		{6BC658A3-7573-43A9-9476-6A23E2F09792}.Release|Any CPU.ActiveCfg = Release|Any CPU
		{6BC658A3-7573-43A9-9476-6A23E2F09792}.Release|Any CPU.Build.0 = Release|Any CPU
		{8AA964EB-1DEF-4953-83E0-108E3ECB8454}.Debug|Any CPU.ActiveCfg = Debug|Any CPU
		{8AA964EB-1DEF-4953-83E0-108E3ECB8454}.Debug|Any CPU.Build.0 = Debug|Any CPU
		{8AA964EB-1DEF-4953-83E0-108E3ECB8454}.Release|Any CPU.ActiveCfg = Release|Any CPU
		{8AA964EB-1DEF-4953-83E0-108E3ECB8454}.Release|Any CPU.Build.0 = Release|Any CPU
	EndGlobalSection
	GlobalSection(SolutionProperties) = preSolution
		HideSolutionNode = FALSE
	EndGlobalSection
	GlobalSection(ExtensibilityGlobals) = postSolution
		SolutionGuid = {C072E3A9-3C18-4A65-9113-B8B5695FDF1C}
	EndGlobalSection
EndGlobal
